[[package]]
name = "aioconsole"
version = "0.3.3"
description = "Asynchronous console and interfaces for asyncio"
category = "main"
optional = false
python-versions = ">=3.6"

[[package]]
name = "atomicwrites"
version = "1.4.0"
description = "Atomic file writes."
category = "dev"
optional = false
python-versions = ">=2.7, !=3.0.*, !=3.1.*, !=3.2.*, !=3.3.*"

[[package]]
name = "attrs"
version = "21.4.0"
description = "Classes Without Boilerplate"
category = "dev"
optional = false
python-versions = ">=2.7, !=3.0.*, !=3.1.*, !=3.2.*, !=3.3.*, !=3.4.*"

[package.extras]
dev = ["coverage[toml] (>=5.0.2)", "hypothesis", "pympler", "pytest (>=4.3.0)", "six", "mypy", "pytest-mypy-plugins", "zope.interface", "furo", "sphinx", "sphinx-notfound-page", "pre-commit", "cloudpickle"]
docs = ["furo", "sphinx", "zope.interface", "sphinx-notfound-page"]
tests = ["coverage[toml] (>=5.0.2)", "hypothesis", "pympler", "pytest (>=4.3.0)", "six", "mypy", "pytest-mypy-plugins", "zope.interface", "cloudpickle"]
tests_no_zope = ["coverage[toml] (>=5.0.2)", "hypothesis", "pympler", "pytest (>=4.3.0)", "six", "mypy", "pytest-mypy-plugins", "cloudpickle"]

[[package]]
name = "bleak"
version = "0.14.2"
description = "Bluetooth Low Energy platform Agnostic Klient"
category = "main"
optional = false
python-versions = "*"

[package.dependencies]
bleak-winrt = {version = ">=1.1.1", markers = "platform_system == \"Windows\""}
dbus-next = {version = "*", markers = "platform_system == \"Linux\""}
pyobjc-core = {version = "*", markers = "platform_system == \"Darwin\""}
pyobjc-framework-CoreBluetooth = {version = "*", markers = "platform_system == \"Darwin\""}
pyobjc-framework-libdispatch = {version = "*", markers = "platform_system == \"Darwin\""}

[[package]]
name = "bleak-winrt"
version = "1.1.1"
description = "Python WinRT bindings for Bleak"
category = "main"
optional = false
python-versions = "*"

[[package]]
name = "colorama"
version = "0.4.4"
description = "Cross-platform colored terminal text."
category = "dev"
optional = false
python-versions = ">=2.7, !=3.0.*, !=3.1.*, !=3.2.*, !=3.3.*, !=3.4.*"

[[package]]
name = "dbus-next"
version = "0.2.3"
description = "A zero-dependency DBus library for Python with asyncio support"
category = "main"
optional = false
python-versions = ">=3.6.0"

[[package]]
name = "more-itertools"
version = "8.12.0"
description = "More routines for operating on iterables, beyond itertools"
category = "dev"
optional = false
python-versions = ">=3.5"

[[package]]
name = "packaging"
version = "21.3"
description = "Core utilities for Python packages"
category = "dev"
optional = false
python-versions = ">=3.6"

[package.dependencies]
pyparsing = ">=2.0.2,<3.0.5 || >3.0.5"

[[package]]
name = "pluggy"
version = "0.13.1"
description = "plugin and hook calling mechanisms for python"
category = "dev"
optional = false
python-versions = ">=2.7, !=3.0.*, !=3.1.*, !=3.2.*, !=3.3.*"

[package.extras]
dev = ["pre-commit", "tox"]

[[package]]
name = "py"
version = "1.11.0"
description = "library with cross-python path, ini-parsing, io, code, log facilities"
category = "dev"
optional = false
python-versions = ">=2.7, !=3.0.*, !=3.1.*, !=3.2.*, !=3.3.*, !=3.4.*"

[[package]]
name = "pyobjc-core"
version = "8.2"
description = "Python<->ObjC Interoperability Module"
category = "main"
optional = false
python-versions = ">=3.6"

[[package]]
name = "pyobjc-framework-cocoa"
version = "8.2"
description = "Wrappers for the Cocoa frameworks on macOS"
category = "main"
optional = false
python-versions = ">=3.6"

[package.dependencies]
pyobjc-core = ">=8.2"

[[package]]
name = "pyobjc-framework-corebluetooth"
version = "8.2"
description = "Wrappers for the framework CoreBluetooth on macOS"
category = "main"
optional = false
python-versions = ">=3.6"

[package.dependencies]
pyobjc-core = ">=8.2"
pyobjc-framework-Cocoa = ">=8.2"

[[package]]
name = "pyobjc-framework-libdispatch"
version = "8.2"
description = "Wrappers for libdispatch on macOS"
category = "main"
optional = false
python-versions = ">=3.6"

[package.dependencies]
pyobjc-core = ">=8.2"

[[package]]
name = "pyparsing"
version = "3.0.7"
description = "Python parsing module"
category = "dev"
optional = false
python-versions = ">=3.6"

[package.extras]
diagrams = ["jinja2", "railroad-diagrams"]

[[package]]
name = "pytest"
version = "5.4.3"
description = "pytest: simple powerful testing with Python"
category = "dev"
optional = false
python-versions = ">=3.5"

[package.dependencies]
atomicwrites = {version = ">=1.0", markers = "sys_platform == \"win32\""}
attrs = ">=17.4.0"
colorama = {version = "*", markers = "sys_platform == \"win32\""}
more-itertools = ">=4.0.0"
packaging = "*"
pluggy = ">=0.12,<1.0"
py = ">=1.5.0"
wcwidth = "*"

[package.extras]
checkqa-mypy = ["mypy (==v0.761)"]
testing = ["argcomplete", "hypothesis (>=3.56)", "mock", "nose", "requests", "xmlschema"]

[[package]]
name = "wcwidth"
version = "0.2.5"
description = "Measures the displayed width of unicode strings in a terminal"
category = "dev"
optional = false
python-versions = "*"

[metadata]
lock-version = "1.1"
python-versions = "^3.8"
content-hash = "2aa5e74cf0842d610db58fb3e9727dba8c54870a683a4e102e7df5c162bb0ae6"

[metadata.files]
aioconsole = [
    {file = "aioconsole-0.3.3.tar.gz", hash = "sha256:47df42d9f8cc3995bbe032dd5f01d32cc5b06639e9078bb9b4e3c55b237f5e32"},
]
atomicwrites = [
    {file = "atomicwrites-1.4.0-py2.py3-none-any.whl", hash = "sha256:6d1784dea7c0c8d4a5172b6c620f40b6e4cbfdf96d783691f2e1302a7b88e197"},
    {file = "atomicwrites-1.4.0.tar.gz", hash = "sha256:ae70396ad1a434f9c7046fd2dd196fc04b12f9e91ffb859164193be8b6168a7a"},
]
attrs = [
    {file = "attrs-21.4.0-py2.py3-none-any.whl", hash = "sha256:2d27e3784d7a565d36ab851fe94887c5eccd6a463168875832a1be79c82828b4"},
    {file = "attrs-21.4.0.tar.gz", hash = "sha256:626ba8234211db98e869df76230a137c4c40a12d72445c45d5f5b716f076e2fd"},
]
bleak = [
    {file = "bleak-0.14.2-py2.py3-none-any.whl", hash = "sha256:48cee8151ec505e02d13330db369b4b78e39dd66e0629e7a1c3d9277e57ac791"},
    {file = "bleak-0.14.2.tar.gz", hash = "sha256:d04cedcfee67b46c5d1b09072478e102dc32617e1bb55655c457254d0a4678ba"},
]
bleak-winrt = [
    {file = "bleak-winrt-1.1.1.tar.gz", hash = "sha256:3e7765f98d71b5229d95bd3b197931994dead40f3144e7186de7b8f664e26df0"},
    {file = "bleak_winrt-1.1.1-cp310-cp310-win32.whl", hash = "sha256:f1ab6641cfdadce69126b459c5d30f1a934384bc0c37632393163eea3c94d7a8"},
    {file = "bleak_winrt-1.1.1-cp310-cp310-win_amd64.whl", hash = "sha256:79a87c7fcc99838bf7f71765e855a74a80e085c4aedde14d0931d56a9f87be77"},
    {file = "bleak_winrt-1.1.1-cp37-cp37m-win32.whl", hash = "sha256:1cf652fe38822216c093d4322b9899f54bff3169c4fc48ee8dd10bc1938ec59c"},
    {file = "bleak_winrt-1.1.1-cp37-cp37m-win_amd64.whl", hash = "sha256:09b64b9b768dfa3abab16e67f7e0d476a0e9d86da2975a2487e033ce2be96663"},
    {file = "bleak_winrt-1.1.1-cp38-cp38-win32.whl", hash = "sha256:1c4a9ee0c3195d07a3fd8f994953075443563c2c5c8e608cd09f3d0eaac540ed"},
    {file = "bleak_winrt-1.1.1-cp38-cp38-win_amd64.whl", hash = "sha256:e75b8d5aad3169bd528be9ccbacb775fb0d07f1714ca93b1efa6687c47a1b755"},
    {file = "bleak_winrt-1.1.1-cp39-cp39-win32.whl", hash = "sha256:e0da28651f8e83aaaea4113d084880f1fafae75c29c2a70429ae1f0b8681dc52"},
    {file = "bleak_winrt-1.1.1-cp39-cp39-win_amd64.whl", hash = "sha256:7481aed7d17e8c2aa2bf9e3786206e382f710f516e00887d825df1b7a4c613d5"},
]
colorama = [
    {file = "colorama-0.4.4-py2.py3-none-any.whl", hash = "sha256:9f47eda37229f68eee03b24b9748937c7dc3868f906e8ba69fbcbdd3bc5dc3e2"},
    {file = "colorama-0.4.4.tar.gz", hash = "sha256:5941b2b48a20143d2267e95b1c2a7603ce057ee39fd88e7329b0c292aa16869b"},
]
dbus-next = [
    {file = "dbus_next-0.2.3-py3-none-any.whl", hash = "sha256:58948f9aff9db08316734c0be2a120f6dc502124d9642f55e90ac82ffb16a18b"},
    {file = "dbus_next-0.2.3.tar.gz", hash = "sha256:f4eae26909332ada528c0a3549dda8d4f088f9b365153952a408e28023a626a5"},
]
more-itertools = [
    {file = "more-itertools-8.12.0.tar.gz", hash = "sha256:7dc6ad46f05f545f900dd59e8dfb4e84a4827b97b3cfecb175ea0c7d247f6064"},
    {file = "more_itertools-8.12.0-py3-none-any.whl", hash = "sha256:43e6dd9942dffd72661a2c4ef383ad7da1e6a3e968a927ad7a6083ab410a688b"},
]
packaging = [
    {file = "packaging-21.3-py3-none-any.whl", hash = "sha256:ef103e05f519cdc783ae24ea4e2e0f508a9c99b2d4969652eed6a2e1ea5bd522"},
    {file = "packaging-21.3.tar.gz", hash = "sha256:dd47c42927d89ab911e606518907cc2d3a1f38bbd026385970643f9c5b8ecfeb"},
]
pluggy = [
    {file = "pluggy-0.13.1-py2.py3-none-any.whl", hash = "sha256:966c145cd83c96502c3c3868f50408687b38434af77734af1e9ca461a4081d2d"},
    {file = "pluggy-0.13.1.tar.gz", hash = "sha256:15b2acde666561e1298d71b523007ed7364de07029219b604cf808bfa1c765b0"},
]
py = [
    {file = "py-1.11.0-py2.py3-none-any.whl", hash = "sha256:607c53218732647dff4acdfcd50cb62615cedf612e72d1724fb1a0cc6405b378"},
    {file = "py-1.11.0.tar.gz", hash = "sha256:51c75c4126074b472f746a24399ad32f6053d1b34b68d2fa41e558e6f4a98719"},
]
pyobjc-core = [
    {file = "pyobjc-core-8.2.tar.gz", hash = "sha256:6afb8ee1dd0647cbfaaf99906eca3b43ce045b27e3d4510462d04e7e5361c89b"},
    {file = "pyobjc_core-8.2-cp310-cp310-macosx_10_9_universal2.whl", hash = "sha256:311e45556c3afa8831713b89017e0204562f51f35661d76c07ffe04985f44e1d"},
    {file = "pyobjc_core-8.2-cp36-cp36m-macosx_10_9_x86_64.whl", hash = "sha256:711f361e83382e405e4273ff085178b0cf730901ccf6801f834e7037e50278f9"},
    {file = "pyobjc_core-8.2-cp37-cp37m-macosx_10_9_x86_64.whl", hash = "sha256:bdd2e2960ec73214bcfe2d86bb4ca94f5f5119db86d129fa32d3c003b6532c50"},
    {file = "pyobjc_core-8.2-cp38-cp38-macosx_10_9_x86_64.whl", hash = "sha256:b879f91fc614c399aafa1d08cf5e279c267510e904bad5c336c3a6064c0eb3aa"},
    {file = "pyobjc_core-8.2-cp38-cp38-macosx_11_0_universal2.whl", hash = "sha256:b4ef4bdb99a330f5e15cc6273098964276fccbc432453cdba3c2963292bc066c"},
    {file = "pyobjc_core-8.2-cp39-cp39-macosx_10_9_universal2.whl", hash = "sha256:fd8e5be0955790ff8f9d17a0f356b6eb7eb1ce4995e0c94355c462dd52d22d6d"},
]
pyobjc-framework-cocoa = [
    {file = "pyobjc-framework-Cocoa-8.2.tar.gz", hash = "sha256:f0901998e2f18415ef6d1f8a12b083f69fc93bd56b3e88040002e3c09bd8c304"},
    {file = "pyobjc_framework_Cocoa-8.2-cp310-cp310-macosx_10_9_universal2.whl", hash = "sha256:5af73f150e242542735e0663bb5504f88aabaec2a54c60e856cfca3ff6dd9712"},
    {file = "pyobjc_framework_Cocoa-8.2-cp36-cp36m-macosx_10_9_x86_64.whl", hash = "sha256:d1de3763ee01850c311da74de5c82c85ec199120e85ab45acaf203accc37a470"},
    {file = "pyobjc_framework_Cocoa-8.2-cp37-cp37m-macosx_10_9_x86_64.whl", hash = "sha256:86d69bf667f99f3c43184d8830567195fff94c675fe7f60f899dd90553d9b265"},
    {file = "pyobjc_framework_Cocoa-8.2-cp38-cp38-macosx_10_9_x86_64.whl", hash = "sha256:9dbadb22826392c48b00087359f66579f8404a4f4f77498f31f9869c54bb0fa9"},
    {file = "pyobjc_framework_Cocoa-8.2-cp38-cp38-macosx_11_0_universal2.whl", hash = "sha256:7adf8b57da1c1292c24375b8e74b6dd45f99a4d3c10ba925a9b38f63a97ba782"},
    {file = "pyobjc_framework_Cocoa-8.2-cp39-cp39-macosx_10_9_universal2.whl", hash = "sha256:bc8279c8c1544087d46a7e99324f093029df89b8c527c5da2a682bad4cb3197e"},
]
pyobjc-framework-corebluetooth = [
    {file = "pyobjc-framework-CoreBluetooth-8.2.tar.gz", hash = "sha256:473662009cd0780d172947f8fd58489e9d95c85a48d143bed7c8a013f48534a4"},
    {file = "pyobjc_framework_CoreBluetooth-8.2-cp36-abi3-macosx_10_9_universal2.whl", hash = "sha256:7968e913f95a606d563b9214362ace2dac19057f47bbf071c37b29d69babef13"},
    {file = "pyobjc_framework_CoreBluetooth-8.2-cp36-abi3-macosx_10_9_x86_64.whl", hash = "sha256:b7a8caf97a8e648297685f07c70b98e5d3de9dde3b5e0114affb5b14f63a2fda"},
    {file = "pyobjc_framework_CoreBluetooth-8.2-cp36-abi3-macosx_11_0_universal2.whl", hash = "sha256:00ce3b3497d9be48a24ce556dfa12a71aaf7925c7b82a64db2c7edb21aac3887"},
]
pyobjc-framework-libdispatch = [
    {file = "pyobjc-framework-libdispatch-8.2.tar.gz", hash = "sha256:fdb009bcac3c9d39bb4158cc61e4a7b9bf24b7e1b58b0cc2ccd038d359be371f"},
    {file = "pyobjc_framework_libdispatch-8.2-cp310-cp310-macosx_10_9_universal2.whl", hash = "sha256:0484f326f1dc81a783f787cc5de4d89e5eecf3e6f5ccd3768649749f6715411a"},
    {file = "pyobjc_framework_libdispatch-8.2-cp36-cp36m-macosx_10_9_x86_64.whl", hash = "sha256:a4edbadb3b30c6de1a28be8af1d21b38ee1cedcc2f87ef59cd03af67e7d70a5a"},
    {file = "pyobjc_framework_libdispatch-8.2-cp37-cp37m-macosx_10_9_x86_64.whl", hash = "sha256:bed96b2a5ba0b5ca38c41762ec313e17081d441b5a6281e351646b4553877c2b"},
    {file = "pyobjc_framework_libdispatch-8.2-cp38-cp38-macosx_10_9_x86_64.whl", hash = "sha256:93550d6dc1bdb1125fc585a6e472283015dbe25e0670f41e562f8cf826284bf7"},
    {file = "pyobjc_framework_libdispatch-8.2-cp38-cp38-macosx_11_0_universal2.whl", hash = "sha256:5d64fa528d7b9f20a6641c0266291afa91fb0e70cfba610e2fc9001c84ece586"},
    {file = "pyobjc_framework_libdispatch-8.2-cp39-cp39-macosx_10_9_universal2.whl", hash = "sha256:dd42f4b0e7b29e0510213087b1e242032b895044ad87728664d373460e032609"},
]
pyparsing = [
    {file = "pyparsing-3.0.7-py3-none-any.whl", hash = "sha256:a6c06a88f252e6c322f65faf8f418b16213b51bdfaece0524c1c1bc30c63c484"},
    {file = "pyparsing-3.0.7.tar.gz", hash = "sha256:18ee9022775d270c55187733956460083db60b37d0d0fb357445f3094eed3eea"},
]
pytest = [
    {file = "pytest-5.4.3-py3-none-any.whl", hash = "sha256:5c0db86b698e8f170ba4582a492248919255fcd4c79b1ee64ace34301fb589a1"},
    {file = "pytest-5.4.3.tar.gz", hash = "sha256:7979331bfcba207414f5e1263b5a0f8f521d0f457318836a7355531ed1a4c7d8"},
]
wcwidth = [
    {file = "wcwidth-0.2.5-py2.py3-none-any.whl", hash = "sha256:beb4802a9cebb9144e99086eff703a642a13d6a0052920003a230f3294bbe784"},
    {file = "wcwidth-0.2.5.tar.gz", hash = "sha256:c4d647b99872929fdb7bdcaa4fbe7f01413ed3d98077df798530e5b04f116c83"},
]
